
Microsoft Visual Studio Solution File, Format Version 12.00
# Visual Studio Version 18
VisualStudioVersion = 18.10.12210.168
MinimumVisualStudioVersion = 10.0.40219.1
Project("{9A19103F-16F7-4668-BE54-9A1E7A4F7556}") = "StravaClubStatsConsoleApp", "StravaClubStatsConsoleApp\StravaClubStatsConsoleApp.csproj", "{3E00333F-FAE0-4246-9EF7-E2E3D6446D53}"
EndProject
Project("{9A19103F-16F7-4668-BE54-9A1E7A4F7556}") = "StravaClubStatsEngine", "StravaClubStatsEngine\StravaClubStatsEngine.csproj", "{F87D99F5-0DB8-4C3A-8EA4-D97FC7BFC01A}"
EndProject
Project("{9A19103F-16F7-4668-BE54-9A1E7A4F7556}") = "StravaClubStatsShared", "StravaStatsClubShared\StravaClubStatsShared.csproj", "{708F0EB4-0ECC-4BE1-A036-DDBE73B49694}"
EndProject
Project("{9A19103F-16F7-4668-BE54-9A1E7A4F7556}") = "StravaClubStatsBlazorServerApp", "StravaClubStatsBlazorServerApp\StravaClubStatsBlazorServerApp.csproj", "{DC53139A-CD1B-4FEB-8088-427ECFDD37A8}"
EndProject
Project("{FAE04EC0-301F-11D3-BF4B-00C04F79EFBC}") = "StravaClubStatsEngineUnitTests", "StravaClubStatsEngineUnitTests\StravaClubStatsEngineUnitTests.csproj", "{22701F8D-5201-4752-9A20-0DC8AFCE694F}"
EndProject
Project("{FAE04EC0-301F-11D3-BF4B-00C04F79EFBC}") = "StravaClubStatsAdminApp", "StravaClubStatsAdminApp\StravaClubStatsAdminApp.csproj", "{4437F2A4-F6D0-4D7F-9B1B-5BD6206C3841}"
EndProject
Project("{FAE04EC0-301F-11D3-BF4B-00C04F79EFBC}") = "StravaClubStats.AppHost", "StravaClubStats.AppHost\StravaClubStats.AppHost.csproj", "{CD1A573F-D79B-438D-A3AC-BBB5A3884B6F}"
EndProject
Project("{FAE04EC0-301F-11D3-BF4B-00C04F79EFBC}") = "StravaClubStats.ServiceDefaults", "StravaClubStats.ServiceDefaults\StravaClubStats.ServiceDefaults.csproj", "{4FA14CED-7488-F088-1E3B-560847CF036D}"
EndProject
Global
	GlobalSection(SolutionConfigurationPlatforms) = preSolution
		Debug|Any CPU = Debug|Any CPU
		Release|Any CPU = Release|Any CPU
	EndGlobalSection
	GlobalSection(ProjectConfigurationPlatforms) = postSolution
		{3E00333F-FAE0-4246-9EF7-E2E3D6446D53}.Debug|Any CPU.ActiveCfg = Debug|Any CPU
		{3E00333F-FAE0-4246-9EF7-E2E3D6446D53}.Debug|Any CPU.Build.0 = Debug|Any CPU
		{3E00333F-FAE0-4246-9EF7-E2E3D6446D53}.Release|Any CPU.ActiveCfg = Release|Any CPU
		{3E00333F-FAE0-4246-9EF7-E2E3D6446D53}.Release|Any CPU.Build.0 = Release|Any CPU
		{F87D99F5-0DB8-4C3A-8EA4-D97FC7BFC01A}.Debug|Any CPU.ActiveCfg = Debug|Any CPU
		{F87D99F5-0DB8-4C3A-8EA4-D97FC7BFC01A}.Debug|Any CPU.Build.0 = Debug|Any CPU
		{F87D99F5-0DB8-4C3A-8EA4-D97FC7BFC01A}.Release|Any CPU.ActiveCfg = Release|Any CPU
		{F87D99F5-0DB8-4C3A-8EA4-D97FC7BFC01A}.Release|Any CPU.Build.0 = Release|Any CPU
		{708F0EB4-0ECC-4BE1-A036-DDBE73B49694}.Debug|Any CPU.ActiveCfg = Debug|Any CPU
		{708F0EB4-0ECC-4BE1-A036-DDBE73B49694}.Debug|Any CPU.Build.0 = Debug|Any CPU
		{708F0EB4-0ECC-4BE1-A036-DDBE73B49694}.Release|Any CPU.ActiveCfg = Release|Any CPU
		{708F0EB4-0ECC-4BE1-A036-DDBE73B49694}.Release|Any CPU.Build.0 = Release|Any CPU
		{DC53139A-CD1B-4FEB-8088-427ECFDD37A8}.Debug|Any CPU.ActiveCfg = Debug|Any CPU
		{DC53139A-CD1B-4FEB-8088-427ECFDD37A8}.Debug|Any CPU.Build.0 = Debug|Any CPU
		{DC53139A-CD1B-4FEB-8088-427ECFDD37A8}.Release|Any CPU.ActiveCfg = Release|Any CPU
		{DC53139A-CD1B-4FEB-8088-427ECFDD37A8}.Release|Any CPU.Build.0 = Release|Any CPU
		{22701F8D-5201-4752-9A20-0DC8AFCE694F}.Debug|Any CPU.ActiveCfg = Debug|Any CPU
		{22701F8D-5201-4752-9A20-0DC8AFCE694F}.Debug|Any CPU.Build.0 = Debug|Any CPU
		{22701F8D-5201-4752-9A20-0DC8AFCE694F}.Release|Any CPU.ActiveCfg = Release|Any CPU
		{22701F8D-5201-4752-9A20-0DC8AFCE694F}.Release|Any CPU.Build.0 = Release|Any CPU
		{4437F2A4-F6D0-4D7F-9B1B-5BD6206C3841}.Debug|Any CPU.ActiveCfg = Debug|Any CPU
		{4437F2A4-F6D0-4D7F-9B1B-5BD6206C3841}.Debug|Any CPU.Build.0 = Debug|Any CPU
		{4437F2A4-F6D0-4D7F-9B1B-5BD6206C3841}.Release|Any CPU.ActiveCfg = Release|Any CPU
		{4437F2A4-F6D0-4D7F-9B1B-5BD6206C3841}.Release|Any CPU.Build.0 = Release|Any CPU
		{CD1A573F-D79B-438D-A3AC-BBB5A3884B6F}.Debug|Any CPU.ActiveCfg = Debug|Any CPU
		{CD1A573F-D79B-438D-A3AC-BBB5A3884B6F}.Debug|Any CPU.Build.0 = Debug|Any CPU
		{CD1A573F-D79B-438D-A3AC-BBB5A3884B6F}.Release|Any CPU.ActiveCfg = Release|Any CPU
		{CD1A573F-D79B-438D-A3AC-BBB5A3884B6F}.Release|Any CPU.Build.0 = Release|Any CPU
		{4FA14CED-7488-F088-1E3B-560847CF036D}.Debug|Any CPU.ActiveCfg = Debug|Any CPU
		{4FA14CED-7488-F088-1E3B-560847CF036D}.Debug|Any CPU.Build.0 = Debug|Any CPU
		{4FA14CED-7488-F088-1E3B-560847CF036D}.Release|Any CPU.ActiveCfg = Release|Any CPU
		{4FA14CED-7488-F088-1E3B-560847CF036D}.Release|Any CPU.Build.0 = Release|Any CPU
	EndGlobalSection
	GlobalSection(SolutionProperties) = preSolution
		HideSolutionNode = FALSE
	EndGlobalSection
	GlobalSection(ExtensibilityGlobals) = postSolution
		SolutionGuid = {40BC4BFB-6A50-4C12-9759-7D13CB6C37B1}
	EndGlobalSection
EndGlobal
